
Microsoft Visual Studio Solution File, Format Version 12.00
# Visual Studio 15
VisualStudioVersion = 15.0.28307.757
MinimumVisualStudioVersion = 10.0.40219.1
Project("{8BC9CEB8-8B4A-11D0-8D11-00A0C91BC942}") = "Aggregation_Inner", "Aggregation_Inner.vcxproj", "{0BD5E932-4CB4-4D1A-A392-3550B167D207}"
EndProject
Global
	GlobalSection(SolutionConfigurationPlatforms) = preSolution
		Debug|x64 = Debug|x64
		Debug|x86 = Debug|x86
		Release|x64 = Release|x64
		Release|x86 = Release|x86
	EndGlobalSection
	GlobalSection(ProjectConfigurationPlatforms) = postSolution
		{0BD5E932-4CB4-4D1A-A392-3550B167D207}.Debug|x64.ActiveCfg = Debug|x64
		{0BD5E932-4CB4-4D1A-A392-3550B167D207}.Debug|x64.Build.0 = Debug|x64
		{0BD5E932-4CB4-4D1A-A392-3550B167D207}.Debug|x86.ActiveCfg = Debug|Win32
		{0BD5E932-4CB4-4D1A-A392-3550B167D207}.Debug|x86.Build.0 = Debug|Win32
		{0BD5E932-4CB4-4D1A-A392-3550B167D207}.Release|x64.ActiveCfg = Release|x64
		{0BD5E932-4CB4-4D1A-A392-3550B167D207}.Release|x64.Build.0 = Release|x64
		{0BD5E932-4CB4-4D1A-A392-3550B167D207}.Release|x86.ActiveCfg = Release|Win32
		{0BD5E932-4CB4-4D1A-A392-3550B167D207}.Release|x86.Build.0 = Release|Win32
	EndGlobalSection
	GlobalSection(SolutionProperties) = preSolution
		HideSolutionNode = FALSE
	EndGlobalSection
	GlobalSection(ExtensibilityGlobals) = postSolution
		SolutionGuid = {ED63259A-6ABD-4089-8142-2C465B76A50E}
	EndGlobalSection
EndGlobal
